# This file is automatically @generated by Cargo.
# It is not intended for manual editing.
version = 4

[[package]]
name = "sse-catalog"
version = "2.0.0-dev"
dependencies = [
 "sse-codecs",
 "sse-content",
 "sse-core",
]

[[package]]
name = "sse-cli"
version = "2.0.0-dev"
dependencies = [
 "sse-core",
]

[[package]]
name = "sse-codecs"
version = "2.0.0-dev"
dependencies = [
 "sse-core",
]

[[package]]
name = "sse-content"
version = "2.0.0-dev"
dependencies = [
 "sse-codecs",
 "sse-core",
]

[[package]]
name = "sse-core"
version = "2.0.0-dev"

[[package]]
name = "sse-s2"
version = "2.0.0-dev"
dependencies = [
 "sse-core",
]

[[package]]
name = "sse-storage"
version = "2.0.0-dev"
dependencies = [
 "sse-core",
]

[[package]]
name = "sse-ui"
version = "2.0.0-dev"
dependencies = [
 "sse-codecs",
 "sse-core",
]

[[package]]
name = "sse-xray"
version = "2.0.0-dev"
dependencies = [
 "sse-core",
]
