# This file is automatically @generated by Cargo.
# It is not intended for manual editing.
version = 4

[[package]]
name = "sse-app"
version = "2.0.0-dev"
dependencies = [
 "sse-codecs",
 "sse-core",
 "sse-storage",
]

[[package]]
name = "sse-catalog"
version = "2.0.0-dev"
dependencies = [
 "sse-codecs",
 "sse-content",
 "sse-core",
]

[[package]]
name = "sse-cli"
version = "2.0.0-dev"
dependencies = [
 "sse-codecs",
 "sse-content",
 "sse-core",
 "sse-fixes",
 "sse-lint",
 "sse-s2",
 "sse-steam",
 "sse-storage",
 "sse-update",
 "sse-xray",
]

[[package]]
name = "sse-codecs"
version = "2.0.0-dev"
dependencies = [
 "sse-core",
]

[[package]]
name = "sse-companion"
version = "2.0.0-dev"
dependencies = [
 "sse-codecs",
 "sse-content",
]

[[package]]
name = "sse-content"
version = "2.0.0-dev"
dependencies = [
 "sse-codecs",
 "sse-core",
]

[[package]]
name = "sse-core"
version = "2.0.0-dev"

[[package]]
name = "sse-fixes"
version = "2.0.0-dev"
dependencies = [
 "sse-catalog",
 "sse-codecs",
 "sse-content",
 "sse-core",
]

[[package]]
name = "sse-lint"
version = "2.0.0-dev"
dependencies = [
 "sse-codecs",
 "sse-content",
 "sse-core",
 "sse-fixes",
]

[[package]]
name = "sse-s2"
version = "2.0.0-dev"
dependencies = [
 "sse-codecs",
 "sse-core",
]

[[package]]
name = "sse-steam"
version = "2.0.0-dev"
dependencies = [
 "sse-codecs",
 "sse-core",
]

[[package]]
name = "sse-storage"
version = "2.0.0-dev"
dependencies = [
 "sse-codecs",
 "sse-core",
]

[[package]]
name = "sse-sys"
version = "2.0.0-dev"
dependencies = [
 "sse-core",
]

[[package]]
name = "sse-ui"
version = "2.0.0-dev"
dependencies = [
 "sse-codecs",
 "sse-core",
 "sse-s2",
 "sse-storage",
 "sse-sys",
 "sse-xray",
]

[[package]]
name = "sse-update"
version = "2.0.0-dev"
dependencies = [
 "sse-codecs",
 "sse-core",
]

[[package]]
name = "sse-xray"
version = "2.0.0-dev"
dependencies = [
 "sse-catalog",
 "sse-codecs",
 "sse-core",
]
